
Microsoft Visual Studio Solution File, Format Version 12.00
# Visual Studio 15
VisualStudioVersion = 15.0.34031.82
MinimumVisualStudioVersion = 10.0.40219.1
Project("{FAE04EC0-301F-11D3-BF4B-00C04F79EFBC}") = "Buoi10", "Buoi10\Buoi10.csproj", "{5DE9ED5C-7DD9-4935-94C6-6DAF3B86E04C}"
EndProject
Global
	GlobalSection(SolutionConfigurationPlatforms) = preSolution
		Debug|Any CPU = Debug|Any CPU
		Release|Any CPU = Release|Any CPU
	EndGlobalSection
	GlobalSection(ProjectConfigurationPlatforms) = postSolution
		{5DE9ED5C-7DD9-4935-94C6-6DAF3B86E04C}.Debug|Any CPU.ActiveCfg = Debug|Any CPU
		{5DE9ED5C-7DD9-4935-94C6-6DAF3B86E04C}.Debug|Any CPU.Build.0 = Debug|Any CPU
		{5DE9ED5C-7DD9-4935-94C6-6DAF3B86E04C}.Release|Any CPU.ActiveCfg = Release|Any CPU
		{5DE9ED5C-7DD9-4935-94C6-6DAF3B86E04C}.Release|Any CPU.Build.0 = Release|Any CPU
	EndGlobalSection
	GlobalSection(SolutionProperties) = preSolution
		HideSolutionNode = FALSE
	EndGlobalSection
	GlobalSection(ExtensibilityGlobals) = postSolution
		SolutionGuid = {1F2A93ED-6EF0-4F1C-852E-1437E189E244}
	EndGlobalSection
EndGlobal
